// !$*UTF8*$!
{
	archiveVersion = 1;
	classes = {
	};
	objectVersion = 50;
	objects = {

/* Begin PBXBuildFile section */
		06E54FFB21AE2477002206BF /* AppDelegate.swift in Sources */ = {isa = PBXBuildFile; fileRef = 06E54FFA21AE2477002206BF /* AppDelegate.swift */; };
		06E54FFE21AE2477002206BF /* blogreader.xcdatamodeld in Sources */ = {isa = PBXBuildFile; fileRef = 06E54FFC21AE2477002206BF /* blogreader.xcdatamodeld */; };
		06E5500021AE2477002206BF /* MasterViewController.swift in Sources */ = {isa = PBXBuildFile; fileRef = 06E54FFF21AE2477002206BF /* MasterViewController.swift */; };
		06E5500221AE2477002206BF /* DetailViewController.swift in Sources */ = {isa = PBXBuildFile; fileRef = 06E5500121AE2477002206BF /* DetailViewController.swift */; };
		06E5500521AE2477002206BF /* Main.storyboard in Resources */ = {isa = PBXBuildFile; fileRef = 06E5500321AE2477002206BF /* Main.storyboard */; };
		06E5500721AE247A002206BF /* Assets.xcassets in Resources */ = {isa = PBXBuildFile; fileRef = 06E5500621AE247A002206BF /* Assets.xcassets */; };
		06E5500A21AE247A002206BF /* LaunchScreen.storyboard in Resources */ = {isa = PBXBuildFile; fileRef = 06E5500821AE247A002206BF /* LaunchScreen.storyboard */; };
/* End PBXBuildFile section */

/* Begin PBXFileReference section */
		06E54FF721AE2477002206BF /* blogreader.app */ = {isa = PBXFileReference; explicitFileType = wrapper.application; includeInIndex = 0; path = blogreader.app; sourceTree = BUILT_PRODUCTS_DIR; };
		06E54FFA21AE2477002206BF /* AppDelegate.swift */ = {isa = PBXFileReference; lastKnownFileType = sourcecode.swift; path = AppDelegate.swift; sourceTree = "<group>"; };
		06E54FFD21AE2477002206BF /* blogreader.xcdatamodel */ = {isa = PBXFileReference; lastKnownFileType = wrapper.xcdatamodel; path = blogreader.xcdatamodel; sourceTree = "<group>"; };
		06E54FFF21AE2477002206BF /* MasterViewController.swift */ = {isa = PBXFileReference; lastKnownFileType = sourcecode.swift; path = MasterViewController.swift; sourceTree = "<group>"; };
		06E5500121AE2477002206BF /* DetailViewController.swift */ = {isa = PBXFileReference; lastKnownFileType = sourcecode.swift; path = DetailViewController.swift; sourceTree = "<group>"; };
		06E5500421AE2477002206BF /* Base */ = {isa = PBXFileReference; lastKnownFileType = file.storyboard; name = Base; path = Base.lproj/Main.storyboard; sourceTree = "<group>"; };
		06E5500621AE247A002206BF /* Assets.xcassets */ = {isa = PBXFileReference; lastKnownFileType = folder.assetcatalog; path = Assets.xcassets; sourceTree = "<group>"; };
		06E5500921AE247A002206BF /* Base */ = {isa = PBXFileReference; lastKnownFileType = file.storyboard; name = Base; path = Base.lproj/LaunchScreen.storyboard; sourceTree = "<group>"; };
		06E5500B21AE247A002206BF /* Info.plist */ = {isa = PBXFileReference; lastKnownFileType = text.plist.xml; path = Info.plist; sourceTree = "<group>"; };
/* End PBXFileReference section */

/* Begin PBXFrameworksBuildPhase section */
		06E54FF421AE2477002206BF /* Frameworks */ = {
			isa = PBXFrameworksBuildPhase;
			buildActionMask = 2147483647;
			files = (
			);
			runOnlyForDeploymentPostprocessing = 0;
		};
/* End PBXFrameworksBuildPhase section */

/* Begin PBXGroup section */
		06E54FEE21AE2477002206BF = {
			isa = PBXGroup;
			children = (
				06E54FF921AE2477002206BF /* blogreader */,
				06E54FF821AE2477002206BF /* Products */,
			);
			sourceTree = "<group>";
		};
		06E54FF821AE2477002206BF /* Products */ = {
			isa = PBXGroup;
			children = (
				06E54FF721AE2477002206BF /* blogreader.app */,
			);
			name = Products;
			sourceTree = "<group>";
		};
		06E54FF921AE2477002206BF /* blogreader */ = {
			isa = PBXGroup;
			children = (
				06E54FFA21AE2477002206BF /* AppDelegate.swift */,
				06E54FFF21AE2477002206BF /* MasterViewController.swift */,
				06E5500121AE2477002206BF /* DetailViewController.swift */,
				06E5500321AE2477002206BF /* Main.storyboard */,
				06E5500621AE247A002206BF /* Assets.xcassets */,
				06E5500821AE247A002206BF /* LaunchScreen.storyboard */,
				06E5500B21AE247A002206BF /* Info.plist */,
				06E54FFC21AE2477002206BF /* blogreader.xcdatamodeld */,
			);
			path = blogreader;
			sourceTree = "<group>";
		};
/* End PBXGroup section */

/* Begin PBXNativeTarget section */
		06E54FF621AE2477002206BF /* blogreader */ = {
			isa = PBXNativeTarget;
			buildConfigurationList = 06E5500E21AE247A002206BF /* Build configuration list for PBXNativeTarget "blogreader" */;
			buildPhases = (
				06E54FF321AE2477002206BF /* Sources */,
				06E54FF421AE2477002206BF /* Frameworks */,
				06E54FF521AE2477002206BF /* Resources */,
			);
			buildRules = (
			);
			dependencies = (
			);
			name = blogreader;
			productName = blogreader;
			productReference = 06E54FF721AE2477002206BF /* blogreader.app */;
			productType = "com.apple.product-type.application";
		};
/* End PBXNativeTarget section */

/* Begin PBXProject section */
		06E54FEF21AE2477002206BF /* Project object */ = {
			isa = PBXProject;
			attributes = {
				LastSwiftUpdateCheck = 0940;
				LastUpgradeCheck = 0940;
				ORGANIZATIONNAME = mostafa;
				TargetAttributes = {
					06E54FF621AE2477002206BF = {
						CreatedOnToolsVersion = 9.4.1;
					};
				};
			};
			buildConfigurationList = 06E54FF221AE2477002206BF /* Build configuration list for PBXProject "blogreader" */;
			compatibilityVersion = "Xcode 9.3";
			developmentRegion = en;
			hasScannedForEncodings = 0;
			knownRegions = (
				en,
				Base,
			);
			mainGroup = 06E54FEE21AE2477002206BF;
			productRefGroup = 06E54FF821AE2477002206BF /* Products */;
			projectDirPath = "";
			projectRoot = "";
			targets = (
				06E54FF621AE2477002206BF /* blogreader */,
			);
		};
/* End PBXProject section */

/* Begin PBXResourcesBuildPhase section */
		06E54FF521AE2477002206BF /* Resources */ = {
			isa = PBXResourcesBuildPhase;
			buildActionMask = 2147483647;
			files = (
				06E5500A21AE247A002206BF /* LaunchScreen.storyboard in Resources */,
				06E5500721AE247A002206BF /* Assets.xcassets in Resources */,
				06E5500521AE2477002206BF /* Main.storyboard in Resources */,
			);
			runOnlyForDeploymentPostprocessing = 0;
		};
/* End PBXResourcesBuildPhase section */

/* Begin PBXSourcesBuildPhase section */
		06E54FF321AE2477002206BF /* Sources */ = {
			isa = PBXSourcesBuildPhase;
			buildActionMask = 2147483647;
			files = (
				06E54FFE21AE2477002206BF /* blogreader.xcdatamodeld in Sources */,
				06E54FFB21AE2477002206BF /* AppDelegate.swift in Sources */,
				06E5500021AE2477002206BF /* MasterViewController.swift in Sources */,
				06E5500221AE2477002206BF /* DetailViewController.swift in Sources */,
			);
			runOnlyForDeploymentPostprocessing = 0;
		};
/* End PBXSourcesBuildPhase section */

/* Begin PBXVariantGroup section */
		06E5500321AE2477002206BF /* Main.storyboard */ = {
			isa = PBXVariantGroup;
			children = (
				06E5500421AE2477002206BF /* Base */,
			);
			name = Main.storyboard;
			sourceTree = "<group>";
		};
		06E5500821AE247A002206BF /* LaunchScreen.storyboard */ = {
			isa = PBXVariantGroup;
			children = (
				06E5500921AE247A002206BF /* Base */,
			);
			name = LaunchScreen.storyboard;
			sourceTree = "<group>";
		};
/* End PBXVariantGroup section */

/* Begin XCBuildConfiguration section */
		06E5500C21AE247A002206BF /* Debug */ = {
			isa = XCBuildConfiguration;
			buildSettings = {
				ALWAYS_SEARCH_USER_PATHS = NO;
				CLANG_ANALYZER_NONNULL = YES;
				CLANG_ANALYZER_NUMBER_OBJECT_CONVERSION = YES_AGGRESSIVE;
				CLANG_CXX_LANGUAGE_STANDARD = "gnu++14";
				CLANG_CXX_LIBRARY = "libc++";
				CLANG_ENABLE_MODULES = YES;
				CLANG_ENABLE_OBJC_ARC = YES;
				CLANG_ENABLE_OBJC_WEAK = YES;
				CLANG_WARN_BLOCK_CAPTURE_AUTORELEASING = YES;
				CLANG_WARN_BOOL_CONVERSION = YES;
				CLANG_WARN_COMMA = YES;
				CLANG_WARN_CONSTANT_CONVERSION = YES;
				CLANG_WARN_DEPRECATED_OBJC_IMPLEMENTATIONS = YES;
				CLANG_WARN_DIRECT_OBJC_ISA_USAGE = YES_ERROR;
				CLANG_WARN_DOCUMENTATION_COMMENTS = YES;
				CLANG_WARN_EMPTY_BODY = YES;
				CLANG_WARN_ENUM_CONVERSION = YES;
				CLANG_WARN_INFINITE_RECURSION = YES;
				CLANG_WARN_INT_CONVERSION = YES;
				CLANG_WARN_NON_LITERAL_NULL_CONVERSION = YES;
				CLANG_WARN_OBJC_IMPLICIT_RETAIN_SELF = YES;
				CLANG_WARN_OBJC_LITERAL_CONVERSION = YES;
				CLANG_WARN_OBJC_ROOT_CLASS = YES_ERROR;
				CLANG_WARN_RANGE_LOOP_ANALYSIS = YES;
				CLANG_WARN_STRICT_PROTOTYPES = YES;
				CLANG_WARN_SUSPICIOUS_MOVE = YES;
				CLANG_WARN_UNGUARDED_AVAILABILITY = YES_AGGRESSIVE;
				CLANG_WARN_UNREACHABLE_CODE = YES;
				CLANG_WARN__DUPLICATE_METHOD_MATCH = YES;
				CODE_SIGN_IDENTITY = "iPhone Developer";
				COPY_PHASE_STRIP = NO;
				DEBUG_INFORMATION_FORMAT = dwarf;
				ENABLE_STRICT_OBJC_MSGSEND = YES;
				ENABLE_TESTABILITY = YES;
				GCC_C_LANGUAGE_STANDARD = gnu11;
				GCC_DYNAMIC_NO_PIC = NO;
				GCC_NO_COMMON_BLOCKS = YES;
				GCC_OPTIMIZATION_LEVEL = 0;
				GCC_PREPROCESSOR_DEFINITIONS = (
					"DEBUG=1",
					"$(inherited)",
				);
				GCC_WARN_64_TO_32_BIT_CONVERSION = YES;
				GCC_WARN_ABOUT_RETURN_TYPE = YES_ERROR;
				GCC_WARN_UNDECLARED_SELECTOR = YES;
				GCC_WARN_UNINITIALIZED_AUTOS = YES_AGGRESSIVE;
				GCC_WARN_UNUSED_FUNCTION = YES;
				GCC_WARN_UNUSED_VARIABLE = YES;
				IPHONEOS_DEPLOYMENT_TARGET = 11.4;
				MTL_ENABLE_DEBUG_INFO = YES;
				ONLY_ACTIVE_ARCH = YES;
				SDKROOT = iphoneos;
				SWIFT_ACTIVE_COMPILATION_CONDITIONS = DEBUG;
				SWIFT_OPTIMIZATION_LEVEL = "-Onone";
			};
			name = Debug;
		};
		06E5500D21AE247A002206BF /* Release */ = {
			isa = XCBuildConfiguration;
			buildSettings = {
				ALWAYS_SEARCH_USER_PATHS = NO;
				CLANG_ANALYZER_NONNULL = YES;
				CLANG_ANALYZER_NUMBER_OBJECT_CONVERSION = YES_AGGRESSIVE;
				CLANG_CXX_LANGUAGE_STANDARD = "gnu++14";
				CLANG_CXX_LIBRARY = "libc++";
				CLANG_ENABLE_MODULES = YES;
				CLANG_ENABLE_OBJC_ARC = YES;
				CLANG_ENABLE_OBJC_WEAK = YES;
				CLANG_WARN_BLOCK_CAPTURE_AUTORELEASING = YES;
				CLANG_WARN_BOOL_CONVERSION = YES;
				CLANG_WARN_COMMA = YES;
				CLANG_WARN_CONSTANT_CONVERSION = YES;
				CLANG_WARN_DEPRECATED_OBJC_IMPLEMENTATIONS = YES;
				CLANG_WARN_DIRECT_OBJC_ISA_USAGE = YES_ERROR;
				CLANG_WARN_DOCUMENTATION_COMMENTS = YES;
				CLANG_WARN_EMPTY_BODY = YES;
				CLANG_WARN_ENUM_CONVERSION = YES;
				CLANG_WARN_INFINITE_RECURSION = YES;
				CLANG_WARN_INT_CONVERSION = YES;
				CLANG_WARN_NON_LITERAL_NULL_CONVERSION = YES;
				CLANG_WARN_OBJC_IMPLICIT_RETAIN_SELF = YES;
				CLANG_WARN_OBJC_LITERAL_CONVERSION = YES;
				CLANG_WARN_OBJC_ROOT_CLASS = YES_ERROR;
				CLANG_WARN_RANGE_LOOP_ANALYSIS = YES;
				CLANG_WARN_STRICT_PROTOTYPES = YES;
				CLANG_WARN_SUSPICIOUS_MOVE = YES;
				CLANG_WARN_UNGUARDED_AVAILABILITY = YES_AGGRESSIVE;
				CLANG_WARN_UNREACHABLE_CODE = YES;
				CLANG_WARN__DUPLICATE_METHOD_MATCH = YES;
				CODE_SIGN_IDENTITY = "iPhone Developer";
				COPY_PHASE_STRIP = NO;
				DEBUG_INFORMATION_FORMAT = "dwarf-with-dsym";
				ENABLE_NS_ASSERTIONS = NO;
				ENABLE_STRICT_OBJC_MSGSEND = YES;
				GCC_C_LANGUAGE_STANDARD = gnu11;
				GCC_NO_COMMON_BLOCKS = YES;
				GCC_WARN_64_TO_32_BIT_CONVERSION = YES;
				GCC_WARN_ABOUT_RETURN_TYPE = YES_ERROR;
				GCC_WARN_UNDECLARED_SELECTOR = YES;
				GCC_WARN_UNINITIALIZED_AUTOS = YES_AGGRESSIVE;
				GCC_WARN_UNUSED_FUNCTION = YES;
				GCC_WARN_UNUSED_VARIABLE = YES;
				IPHONEOS_DEPLOYMENT_TARGET = 11.4;
				MTL_ENABLE_DEBUG_INFO = NO;
				SDKROOT = iphoneos;
				SWIFT_COMPILATION_MODE = wholemodule;
				SWIFT_OPTIMIZATION_LEVEL = "-O";
				VALIDATE_PRODUCT = YES;
			};
			name = Release;
		};
		06E5500F21AE247A002206BF /* Debug */ = {
			isa = XCBuildConfiguration;
			buildSettings = {
				ASSETCATALOG_COMPILER_APPICON_NAME = AppIcon;
				CODE_SIGN_STYLE = Automatic;
				INFOPLIST_FILE = blogreader/Info.plist;
				LD_RUNPATH_SEARCH_PATHS = (
					"$(inherited)",
					"@executable_path/Frameworks",
				);
				PRODUCT_BUNDLE_IDENTIFIER = com.mostafa.blogreader;
				PRODUCT_NAME = "$(TARGET_NAME)";
				SWIFT_VERSION = 4.0;
				TARGETED_DEVICE_FAMILY = "1,2";
			};
			name = Debug;
		};
		06E5501021AE247A002206BF /* Release */ = {
			isa = XCBuildConfiguration;
			buildSettings = {
				ASSETCATALOG_COMPILER_APPICON_NAME = AppIcon;
				CODE_SIGN_STYLE = Automatic;
				INFOPLIST_FILE = blogreader/Info.plist;
				LD_RUNPATH_SEARCH_PATHS = (
					"$(inherited)",
					"@executable_path/Frameworks",
				);
				PRODUCT_BUNDLE_IDENTIFIER = com.mostafa.blogreader;
				PRODUCT_NAME = "$(TARGET_NAME)";
				SWIFT_VERSION = 4.0;
				TARGETED_DEVICE_FAMILY = "1,2";
			};
			name = Release;
		};
/* End XCBuildConfiguration section */

/* Begin XCConfigurationList section */
		06E54FF221AE2477002206BF /* Build configuration list for PBXProject "blogreader" */ = {
			isa = XCConfigurationList;
			buildConfigurations = (
				06E5500C21AE247A002206BF /* Debug */,
				06E5500D21AE247A002206BF /* Release */,
			);
			defaultConfigurationIsVisible = 0;
			defaultConfigurationName = Release;
		};
		06E5500E21AE247A002206BF /* Build configuration list for PBXNativeTarget "blogreader" */ = {
			isa = XCConfigurationList;
			buildConfigurations = (
				06E5500F21AE247A002206BF /* Debug */,
				06E5501021AE247A002206BF /* Release */,
			);
			defaultConfigurationIsVisible = 0;
			defaultConfigurationName = Release;
		};
/* End XCConfigurationList section */

/* Begin XCVersionGroup section */
		06E54FFC21AE2477002206BF /* blogreader.xcdatamodeld */ = {
			isa = XCVersionGroup;
			children = (
				06E54FFD21AE2477002206BF /* blogreader.xcdatamodel */,
			);
			currentVersion = 06E54FFD21AE2477002206BF /* blogreader.xcdatamodel */;
			path = blogreader.xcdatamodeld;
			sourceTree = "<group>";
			versionGroupType = wrapper.xcdatamodel;
		};
/* End XCVersionGroup section */
	};
	rootObject = 06E54FEF21AE2477002206BF /* Project object */;
}
